
Microsoft Visual Studio Solution File, Format Version 12.00
# Visual Studio Version 17
VisualStudioVersion = 17.1.32319.34
MinimumVisualStudioVersion = 10.0.40219.1
Project("{FAE04EC0-301F-11D3-BF4B-00C04F79EFBC}") = "ASPHomeLoan", "ASPHomeLoan\ASPHomeLoan.csproj", "{C1CE95AD-6D9C-4581-B3AE-28F33C2BC69F}"
EndProject
Global
	GlobalSection(SolutionConfigurationPlatforms) = preSolution
		Debug|Any CPU = Debug|Any CPU
		Release|Any CPU = Release|Any CPU
	EndGlobalSection
	GlobalSection(ProjectConfigurationPlatforms) = postSolution
		{C1CE95AD-6D9C-4581-B3AE-28F33C2BC69F}.Debug|Any CPU.ActiveCfg = Debug|Any CPU
		{C1CE95AD-6D9C-4581-B3AE-28F33C2BC69F}.Debug|Any CPU.Build.0 = Debug|Any CPU
		{C1CE95AD-6D9C-4581-B3AE-28F33C2BC69F}.Release|Any CPU.ActiveCfg = Release|Any CPU
		{C1CE95AD-6D9C-4581-B3AE-28F33C2BC69F}.Release|Any CPU.Build.0 = Release|Any CPU
	EndGlobalSection
	GlobalSection(SolutionProperties) = preSolution
		HideSolutionNode = FALSE
	EndGlobalSection
	GlobalSection(ExtensibilityGlobals) = postSolution
		SolutionGuid = {5154CB24-DC98-4B33-9649-7C13585A097E}
	EndGlobalSection
EndGlobal
